
Microsoft Visual Studio Solution File, Format Version 12.00
# Visual Studio Version 18
VisualStudioVersion = 18.2.11415.280 d18.0
MinimumVisualStudioVersion = 10.0.40219.1
Project("{8BC9CEB8-8B4A-11D0-8D11-00A0C91BC942}") = "AlleyWind", "AlleyWind\AlleyWind.vcxproj", "{32E988D1-B4C4-467C-813E-40C1937BEFEA}"
EndProject
Global
	GlobalSection(SolutionConfigurationPlatforms) = preSolution
		Debug|ARM64 = Debug|ARM64
		Debug|x64 = Debug|x64
		Debug|x86 = Debug|x86
		Release|ARM64 = Release|ARM64
		Release|x64 = Release|x64
		Release|x86 = Release|x86
	EndGlobalSection
	GlobalSection(ProjectConfigurationPlatforms) = postSolution
		{32E988D1-B4C4-467C-813E-40C1937BEFEA}.Debug|ARM64.ActiveCfg = Debug|ARM64
		{32E988D1-B4C4-467C-813E-40C1937BEFEA}.Debug|ARM64.Build.0 = Debug|ARM64
		{32E988D1-B4C4-467C-813E-40C1937BEFEA}.Debug|x64.ActiveCfg = Debug|x64
		{32E988D1-B4C4-467C-813E-40C1937BEFEA}.Debug|x64.Build.0 = Debug|x64
		{32E988D1-B4C4-467C-813E-40C1937BEFEA}.Debug|x86.ActiveCfg = Debug|Win32
		{32E988D1-B4C4-467C-813E-40C1937BEFEA}.Debug|x86.Build.0 = Debug|Win32
		{32E988D1-B4C4-467C-813E-40C1937BEFEA}.Release|ARM64.ActiveCfg = Release|ARM64
		{32E988D1-B4C4-467C-813E-40C1937BEFEA}.Release|ARM64.Build.0 = Release|ARM64
		{32E988D1-B4C4-467C-813E-40C1937BEFEA}.Release|x64.ActiveCfg = Release|x64
		{32E988D1-B4C4-467C-813E-40C1937BEFEA}.Release|x64.Build.0 = Release|x64
		{32E988D1-B4C4-467C-813E-40C1937BEFEA}.Release|x86.ActiveCfg = Release|Win32
		{32E988D1-B4C4-467C-813E-40C1937BEFEA}.Release|x86.Build.0 = Release|Win32
	EndGlobalSection
	GlobalSection(SolutionProperties) = preSolution
		HideSolutionNode = FALSE
	EndGlobalSection
	GlobalSection(ExtensibilityGlobals) = postSolution
		SolutionGuid = {9318B7B1-2003-42F1-B1EA-E816DB79AE02}
	EndGlobalSection
EndGlobal
